
Microsoft Visual Studio Solution File, Format Version 12.00
# Visual Studio 2017
Project("{FAE04EC0-301F-11D3-BF4B-00C04F79EFBC}") = "secu-civile-realite-augmentee", "secu-civile-realite-augmentee.csproj", "{A87C1009-66A1-327A-C761-245498768935}"
EndProject
Project("{FAE04EC0-301F-11D3-BF4B-00C04F79EFBC}") = "secu-civile-realite-augmentee.Editor", "secu-civile-realite-augmentee.Editor.csproj", "{A0068AF1-F566-F15B-3C62-09871A190E49}"
EndProject
Global
	GlobalSection(SolutionConfigurationPlatforms) = preSolution
		Debug|Any CPU = Debug|Any CPU
		Release|Any CPU = Release|Any CPU
	EndGlobalSection
	GlobalSection(ProjectConfigurationPlatforms) = postSolution
		{A87C1009-66A1-327A-C761-245498768935}.Debug|Any CPU.ActiveCfg = Debug|Any CPU
		{A87C1009-66A1-327A-C761-245498768935}.Debug|Any CPU.Build.0 = Debug|Any CPU
		{A87C1009-66A1-327A-C761-245498768935}.Release|Any CPU.ActiveCfg = Release|Any CPU
		{A87C1009-66A1-327A-C761-245498768935}.Release|Any CPU.Build.0 = Release|Any CPU
		{A0068AF1-F566-F15B-3C62-09871A190E49}.Debug|Any CPU.ActiveCfg = Debug|Any CPU
		{A0068AF1-F566-F15B-3C62-09871A190E49}.Debug|Any CPU.Build.0 = Debug|Any CPU
		{A0068AF1-F566-F15B-3C62-09871A190E49}.Release|Any CPU.ActiveCfg = Release|Any CPU
		{A0068AF1-F566-F15B-3C62-09871A190E49}.Release|Any CPU.Build.0 = Release|Any CPU
	EndGlobalSection
	GlobalSection(SolutionProperties) = preSolution
		HideSolutionNode = FALSE
	EndGlobalSection
EndGlobal
