
Microsoft Visual Studio Solution File, Format Version 11.00
# Visual Studio 2010
Project("{FAE04EC0-301F-11D3-BF4B-00C04F79EFBC}") = "secu-civile-realite-augmentee", "Assembly-CSharp.csproj", "{B499C74F-45EE-FAB5-C800-667926BF6185}"
EndProject
Project("{FAE04EC0-301F-11D3-BF4B-00C04F79EFBC}") = "secu-civile-realite-augmentee", "Assembly-CSharp-Editor.csproj", "{6141FF3F-F8ED-C213-5FE8-B24989EC9326}"
EndProject
Global
	GlobalSection(SolutionConfigurationPlatforms) = preSolution
		Debug|Any CPU = Debug|Any CPU
		Release|Any CPU = Release|Any CPU
	EndGlobalSection
	GlobalSection(ProjectConfigurationPlatforms) = postSolution
		{B499C74F-45EE-FAB5-C800-667926BF6185}.Debug|Any CPU.ActiveCfg = Debug|Any CPU
		{B499C74F-45EE-FAB5-C800-667926BF6185}.Debug|Any CPU.Build.0 = Debug|Any CPU
		{B499C74F-45EE-FAB5-C800-667926BF6185}.Release|Any CPU.ActiveCfg = Release|Any CPU
		{B499C74F-45EE-FAB5-C800-667926BF6185}.Release|Any CPU.Build.0 = Release|Any CPU
		{6141FF3F-F8ED-C213-5FE8-B24989EC9326}.Debug|Any CPU.ActiveCfg = Debug|Any CPU
		{6141FF3F-F8ED-C213-5FE8-B24989EC9326}.Debug|Any CPU.Build.0 = Debug|Any CPU
		{6141FF3F-F8ED-C213-5FE8-B24989EC9326}.Release|Any CPU.ActiveCfg = Release|Any CPU
		{6141FF3F-F8ED-C213-5FE8-B24989EC9326}.Release|Any CPU.Build.0 = Release|Any CPU
	EndGlobalSection
	GlobalSection(SolutionProperties) = preSolution
		HideSolutionNode = FALSE
	EndGlobalSection
	GlobalSection(MonoDevelopProperties) = preSolution
		StartupItem = Assembly-CSharp.csproj
	EndGlobalSection
EndGlobal
